{
  "nodes": {
    "home-manager": {
      "inputs": {
        "nixpkgs": [
          "nixpkgs"
        ]
      },
      "locked": {
        "lastModified": 1637019201,
        "narHash": "sha256-lq4gz51fx4m5FXfx1SCB444aEBeaYtLMVm3P18Wi9ls=",
        "owner": "nix-community",
        "repo": "home-manager",
        "rev": "bcf03fa16a1f06b8a0abb27bf49afa8d6fffe8f1",
        "type": "github"
      },
      "original": {
        "owner": "nix-community",
        "ref": "release-21.05",
        "repo": "home-manager",
        "type": "github"
      }
    },
    "nixpkgs": {
      "locked": {
        "lastModified": 1637359466,
        "narHash": "sha256-8SHDPGIg595kr1tZxG6DzVhq7TOJYDBOXVL2wDc2c8Q=",
        "owner": "NixOS",
        "repo": "nixpkgs",
        "rev": "7e653e021738a4f79545bedfb677cc4411f557a1",
        "type": "github"
      },
      "original": {
        "owner": "NixOS",
        "ref": "release-21.05",
        "repo": "nixpkgs",
        "type": "github"
      }
    },
    "nixpkgs-unstable": {
      "locked": {
        "lastModified": 1637186689,
        "narHash": "sha256-NU7BhgnwA/3ibmCeSzFK6xGi+Bari9mPfn+4cBmyEjw=",
        "owner": "NixOS",
        "repo": "nixpkgs",
        "rev": "7fad01d9d5a3f82081c00fb57918d64145dc904c",
        "type": "github"
      },
      "original": {
        "owner": "NixOS",
        "ref": "nixpkgs-unstable",
        "repo": "nixpkgs",
        "type": "github"
      }
    },
    "nur": {
      "locked": {
        "lastModified": 1636920392,
        "narHash": "sha256-mre/JUUA4168Y4NV1nfULPsAbDhwR1uvYI6rf0qvMV0=",
        "owner": "nix-community",
        "repo": "NUR",
        "rev": "faf37248a0b31f65353394924ffaf58da3a8445c",
        "type": "github"
      },
      "original": {
        "owner": "nix-community",
        "repo": "NUR",
        "type": "github"
      }
    },
    "root": {
      "inputs": {
        "home-manager": "home-manager",
        "nixpkgs": "nixpkgs",
        "nixpkgs-unstable": "nixpkgs-unstable",
        "nur": "nur"
      }
    }
  },
  "root": "root",
  "version": 7
}
