{
  "nodes": {
    "flake-compat": {
      "flake": false,
      "locked": {
        "lastModified": 1606424373,
        "narHash": "sha256-oq8d4//CJOrVj+EcOaSXvMebvuTkmBJuT5tzlfewUnQ=",
        "owner": "edolstra",
        "repo": "flake-compat",
        "rev": "99f1c2157fba4bfe6211a321fd0ee43199025dbf",
        "type": "github"
      },
      "original": {
        "owner": "edolstra",
        "repo": "flake-compat",
        "type": "github"
      }
    },
    "flake-utils": {
      "locked": {
        "lastModified": 1610051610,
        "narHash": "sha256-U9rPz/usA1/Aohhk7Cmc2gBrEEKRzcW4nwPWMPwja4Y=",
        "owner": "numtide",
        "repo": "flake-utils",
        "rev": "3982c9903e93927c2164caa727cd3f6a0e6d14cc",
        "type": "github"
      },
      "original": {
        "owner": "numtide",
        "repo": "flake-utils",
        "type": "github"
      }
    },
    "flake-utils_2": {
      "locked": {
        "lastModified": 1622445595,
        "narHash": "sha256-m+JRe6Wc5OZ/mKw2bB3+Tl0ZbtyxxxfnAWln8Q5qs+Y=",
        "owner": "numtide",
        "repo": "flake-utils",
        "rev": "7d706970d94bc5559077eb1a6600afddcd25a7c8",
        "type": "github"
      },
      "original": {
        "owner": "numtide",
        "repo": "flake-utils",
        "type": "github"
      }
    },
    "home-manager": {
      "inputs": {
        "nixpkgs": [
          "nixpkgs"
        ]
      },
      "locked": {
        "lastModified": 1623778055,
        "narHash": "sha256-Ff2oCuprlJ1LVvu+UZ7yy1PrKHWhLqk4ksZlDKjFFc4=",
        "owner": "nix-community",
        "repo": "home-manager",
        "rev": "9b39fd7eb4468781ac0e72c32fc5f86bc9f0f7ea",
        "type": "github"
      },
      "original": {
        "owner": "nix-community",
        "repo": "home-manager",
        "type": "github"
      }
    },
    "home-manager_2": {
      "inputs": {
        "nixpkgs": [
          "nixpkgs"
        ]
      },
      "locked": {
        "lastModified": 1623484558,
        "narHash": "sha256-/pHiSArhS3Eker0RVKO0dgrqf/isqufPgSgx5cRwhMg=",
        "owner": "nix-community",
        "repo": "home-manager",
        "rev": "fb50102daf904c4ced33374816f9ee2cfde24c01",
        "type": "github"
      },
      "original": {
        "owner": "nix-community",
        "repo": "home-manager",
        "type": "github"
      }
    },
    "neovim-flake": {
      "inputs": {
        "flake-utils": "flake-utils",
        "nixpkgs": [
          "nixpkgs"
        ]
      },
      "locked": {
        "dir": "contrib",
        "lastModified": 1623545284,
        "narHash": "sha256-zzNCqWIVIgG6QNtDB7z2XAyDSr1I699pHSKECDAmyH4=",
        "owner": "neovim",
        "repo": "neovim",
        "rev": "141647cfbb1f137e3eefe6ba8e658b475e902cac",
        "type": "github"
      },
      "original": {
        "dir": "contrib",
        "owner": "neovim",
        "repo": "neovim",
        "type": "github"
      }
    },
    "neovim-nightly-overlay": {
      "inputs": {
        "flake-compat": "flake-compat",
        "neovim-flake": "neovim-flake",
        "nixpkgs": [
          "nixpkgs"
        ]
      },
      "locked": {
        "lastModified": 1623571864,
        "narHash": "sha256-7amTesMYtN9eGqw9qjBf+VezeBYlp8y1PynQ4WqtxVo=",
        "owner": "nix-community",
        "repo": "neovim-nightly-overlay",
        "rev": "3b60a1f75e545d11ce530c81d0efe8b0adfe7025",
        "type": "github"
      },
      "original": {
        "owner": "nix-community",
        "repo": "neovim-nightly-overlay",
        "type": "github"
      }
    },
    "nix-on-droid": {
      "inputs": {
        "flake-utils": "flake-utils_2",
        "home-manager": "home-manager_2",
        "nixpkgs": [
          "nixpkgs"
        ]
      },
      "locked": {
        "lastModified": 1622161517,
        "narHash": "sha256-bApAMlsNe+JZRIMKKM3O9SdMAzq0TezoG5hzUP4ufVU=",
        "owner": "t184256",
        "repo": "nix-on-droid",
        "rev": "36df7dac110a85f18e30611cecaf8ee95855bc22",
        "type": "github"
      },
      "original": {
        "owner": "t184256",
        "ref": "master",
        "repo": "nix-on-droid",
        "type": "github"
      }
    },
    "nixpkgs": {
      "locked": {
        "lastModified": 1623176226,
        "narHash": "sha256-54a9uvHlIlK3i0b36HfGMc4zqM0BpMOOiFYBxEhQFK8=",
        "owner": "NixOS",
        "repo": "nixpkgs",
        "rev": "51bb9f3e9ab6161a3bf7746e20b955712cef618b",
        "type": "github"
      },
      "original": {
        "owner": "NixOS",
        "ref": "nixpkgs-unstable",
        "repo": "nixpkgs",
        "type": "github"
      }
    },
    "nixpkgs-stable": {
      "locked": {
        "lastModified": 1623425174,
        "narHash": "sha256-1lu/O80I2lODVj/QzGX2GD9wPSg7P4ZzMcLQYggd/v0=",
        "owner": "NixOS",
        "repo": "nixpkgs",
        "rev": "7bfd3dad7ff5af07fdc7fdad0d3ea8f030c3ee74",
        "type": "github"
      },
      "original": {
        "owner": "NixOS",
        "ref": "release-20.09",
        "repo": "nixpkgs",
        "type": "github"
      }
    },
    "nur": {
      "locked": {
        "lastModified": 1623572403,
        "narHash": "sha256-k8u0CfMm9k2qrnDnn79Ui/WySKXS+7ie0O7YKrFPSrU=",
        "owner": "nix-community",
        "repo": "NUR",
        "rev": "daf13be15e35406bc598c470ecb1b01768db1954",
        "type": "github"
      },
      "original": {
        "owner": "nix-community",
        "repo": "NUR",
        "type": "github"
      }
    },
    "root": {
      "inputs": {
        "home-manager": "home-manager",
        "neovim-nightly-overlay": "neovim-nightly-overlay",
        "nix-on-droid": "nix-on-droid",
        "nixpkgs": "nixpkgs",
        "nixpkgs-stable": "nixpkgs-stable",
        "nur": "nur"
      }
    }
  },
  "root": "root",
  "version": 7
}
